
Microsoft Visual Studio Solution File, Format Version 12.00
Project("{FAE04EC0-301F-11D3-BF4B-00C04F79EFBC}") = "RealtimeTranslate", "RealtimeTranslate\RealtimeTranslate.csproj", "{47C8BEAD-DCED-4C50-AC52-170274F76EA5}"
EndProject
Global
	GlobalSection(SolutionConfigurationPlatforms) = preSolution
		Debug|Any CPU = Debug|Any CPU
		Release|Any CPU = Release|Any CPU
	EndGlobalSection
	GlobalSection(ProjectConfigurationPlatforms) = postSolution
		{47C8BEAD-DCED-4C50-AC52-170274F76EA5}.Debug|Any CPU.ActiveCfg = Debug|Any CPU
		{47C8BEAD-DCED-4C50-AC52-170274F76EA5}.Debug|Any CPU.Build.0 = Debug|Any CPU
		{47C8BEAD-DCED-4C50-AC52-170274F76EA5}.Release|Any CPU.ActiveCfg = Release|Any CPU
		{47C8BEAD-DCED-4C50-AC52-170274F76EA5}.Release|Any CPU.Build.0 = Release|Any CPU
	EndGlobalSection
EndGlobal
